
Microsoft Visual Studio Solution File, Format Version 12.00
# Visual Studio Version 17
VisualStudioVersion = 17.6.33815.320
MinimumVisualStudioVersion = 10.0.40219.1
Project("{FAE04EC0-301F-11D3-BF4B-00C04F79EFBC}") = "ByteBankTestes", "ByteBankTestes\ByteBankTestes.csproj", "{D31FEC17-AD43-48FB-8878-4158014159AD}"
EndProject
Global
	GlobalSection(SolutionConfigurationPlatforms) = preSolution
		Debug|Any CPU = Debug|Any CPU
		Release|Any CPU = Release|Any CPU
	EndGlobalSection
	GlobalSection(ProjectConfigurationPlatforms) = postSolution
		{D31FEC17-AD43-48FB-8878-4158014159AD}.Debug|Any CPU.ActiveCfg = Debug|Any CPU
		{D31FEC17-AD43-48FB-8878-4158014159AD}.Debug|Any CPU.Build.0 = Debug|Any CPU
		{D31FEC17-AD43-48FB-8878-4158014159AD}.Release|Any CPU.ActiveCfg = Release|Any CPU
		{D31FEC17-AD43-48FB-8878-4158014159AD}.Release|Any CPU.Build.0 = Release|Any CPU
	EndGlobalSection
	GlobalSection(SolutionProperties) = preSolution
		HideSolutionNode = FALSE
	EndGlobalSection
	GlobalSection(ExtensibilityGlobals) = postSolution
		SolutionGuid = {8DDDD86A-5ADF-47AA-9110-0ECA4F9D707B}
	EndGlobalSection
EndGlobal
